// !$*UTF8*$!
{
	archiveVersion = 1;
	classes = {
	};
	objectVersion = 56;
	objects = {

/* Begin PBXBuildFile section */
		80227B0F2D94866A00675AD7 /* Lottie in Frameworks */ = {isa = PBXBuildFile; productRef = 80227B0E2D94866A00675AD7 /* Lottie */; };
		80227B142D94894800675AD7 /* LottieView.swift in Sources */ = {isa = PBXBuildFile; fileRef = 80227B132D94894800675AD7 /* LottieView.swift */; };
		80227B162D948A0200675AD7 /* checkmark_animation.json in Resources */ = {isa = PBXBuildFile; fileRef = 80227B152D948A0200675AD7 /* checkmark_animation.json */; };
		80227B182D94A79F00675AD7 /* DigitButton.swift in Sources */ = {isa = PBXBuildFile; fileRef = 80227B172D94A79F00675AD7 /* DigitButton.swift */; };
		80227B1A2D94A86000675AD7 /* KeypadView.swift in Sources */ = {isa = PBXBuildFile; fileRef = 80227B192D94A86000675AD7 /* KeypadView.swift */; };
		80227B1E2D95888800675AD7 /* PasscodeBGBlurView.swift in Sources */ = {isa = PBXBuildFile; fileRef = 80227B1D2D95888800675AD7 /* PasscodeBGBlurView.swift */; };
		80227B212D9594B800675AD7 /* CryptoHelper.swift in Sources */ = {isa = PBXBuildFile; fileRef = 80227B202D9594B800675AD7 /* CryptoHelper.swift */; };
		80227B252D978FD100675AD7 /* RoundedBorderButtonView.swift in Sources */ = {isa = PBXBuildFile; fileRef = 80227B242D978FD100675AD7 /* RoundedBorderButtonView.swift */; };
		80227B3A2D98321F00675AD7 /* Poppins-ExtraBold.ttf in Resources */ = {isa = PBXBuildFile; fileRef = 80227B282D98321700675AD7 /* Poppins-ExtraBold.ttf */; };
		80227B3B2D98321F00675AD7 /* Poppins-ExtraLight.ttf in Resources */ = {isa = PBXBuildFile; fileRef = 80227B292D98321800675AD7 /* Poppins-ExtraLight.ttf */; };
		80227B3C2D98321F00675AD7 /* Poppins-BlackItalic.ttf in Resources */ = {isa = PBXBuildFile; fileRef = 80227B2A2D98321800675AD7 /* Poppins-BlackItalic.ttf */; };
		80227B3D2D98321F00675AD7 /* Poppins-MediumItalic.ttf in Resources */ = {isa = PBXBuildFile; fileRef = 80227B2B2D98321800675AD7 /* Poppins-MediumItalic.ttf */; };
		80227B3E2D98321F00675AD7 /* Poppins-Regular.ttf in Resources */ = {isa = PBXBuildFile; fileRef = 80227B2C2D98321900675AD7 /* Poppins-Regular.ttf */; };
		80227B3F2D98321F00675AD7 /* Poppins-ThinItalic.ttf in Resources */ = {isa = PBXBuildFile; fileRef = 80227B2D2D98321900675AD7 /* Poppins-ThinItalic.ttf */; };
		80227B402D98321F00675AD7 /* Poppins-Black.ttf in Resources */ = {isa = PBXBuildFile; fileRef = 80227B2E2D98321A00675AD7 /* Poppins-Black.ttf */; };
		80227B412D98321F00675AD7 /* Poppins-Italic.ttf in Resources */ = {isa = PBXBuildFile; fileRef = 80227B2F2D98321A00675AD7 /* Poppins-Italic.ttf */; };
		80227B422D98321F00675AD7 /* Poppins-ExtraBoldItalic.ttf in Resources */ = {isa = PBXBuildFile; fileRef = 80227B302D98321B00675AD7 /* Poppins-ExtraBoldItalic.ttf */; };
		80227B432D98321F00675AD7 /* Poppins-SemiBold.ttf in Resources */ = {isa = PBXBuildFile; fileRef = 80227B312D98321B00675AD7 /* Poppins-SemiBold.ttf */; };
		80227B442D98321F00675AD7 /* Poppins-Thin.ttf in Resources */ = {isa = PBXBuildFile; fileRef = 80227B322D98321C00675AD7 /* Poppins-Thin.ttf */; };
		80227B452D98321F00675AD7 /* Poppins-Bold.ttf in Resources */ = {isa = PBXBuildFile; fileRef = 80227B332D98321C00675AD7 /* Poppins-Bold.ttf */; };
		80227B462D98321F00675AD7 /* Poppins-BoldItalic.ttf in Resources */ = {isa = PBXBuildFile; fileRef = 80227B342D98321D00675AD7 /* Poppins-BoldItalic.ttf */; };
		80227B472D98321F00675AD7 /* Poppins-LightItalic.ttf in Resources */ = {isa = PBXBuildFile; fileRef = 80227B352D98321D00675AD7 /* Poppins-LightItalic.ttf */; };
		80227B482D98321F00675AD7 /* Poppins-SemiBoldItalic.ttf in Resources */ = {isa = PBXBuildFile; fileRef = 80227B362D98321D00675AD7 /* Poppins-SemiBoldItalic.ttf */; };
		80227B492D98321F00675AD7 /* Poppins-Light.ttf in Resources */ = {isa = PBXBuildFile; fileRef = 80227B372D98321E00675AD7 /* Poppins-Light.ttf */; };
		80227B4A2D98321F00675AD7 /* Poppins-ExtraLightItalic.ttf in Resources */ = {isa = PBXBuildFile; fileRef = 80227B382D98321E00675AD7 /* Poppins-ExtraLightItalic.ttf */; };
		80227B4B2D98321F00675AD7 /* Poppins-Medium.ttf in Resources */ = {isa = PBXBuildFile; fileRef = 80227B392D98321F00675AD7 /* Poppins-Medium.ttf */; };
		80227B4D2D9835E400675AD7 /* PasscodeUnlockAlphanumeric.swift in Sources */ = {isa = PBXBuildFile; fileRef = 80227B4C2D9835E400675AD7 /* PasscodeUnlockAlphanumeric.swift */; };
		80227B4F2D983DD000675AD7 /* BlurView.swift in Sources */ = {isa = PBXBuildFile; fileRef = 80227B4E2D983DD000675AD7 /* BlurView.swift */; };
		80227B512D983F8700675AD7 /* AddItemButton.swift in Sources */ = {isa = PBXBuildFile; fileRef = 80227B502D983F8700675AD7 /* AddItemButton.swift */; };
		80227B532D983FC600675AD7 /* SectionLabel.swift in Sources */ = {isa = PBXBuildFile; fileRef = 80227B522D983FC600675AD7 /* SectionLabel.swift */; };
		80227B552D9842E700675AD7 /* AddJournalView.swift in Sources */ = {isa = PBXBuildFile; fileRef = 80227B542D9842E700675AD7 /* AddJournalView.swift */; };
		80227B572D984D6F00675AD7 /* CircularIconButtonView.swift in Sources */ = {isa = PBXBuildFile; fileRef = 80227B562D984D6F00675AD7 /* CircularIconButtonView.swift */; };
		80227B592D9856F100675AD7 /* CustomTextFieldView.swift in Sources */ = {isa = PBXBuildFile; fileRef = 80227B582D9856F100675AD7 /* CustomTextFieldView.swift */; };
		80227B5D2D9872F500675AD7 /* CustomSecureFieldView.swift in Sources */ = {isa = PBXBuildFile; fileRef = 80227B5C2D9872F500675AD7 /* CustomSecureFieldView.swift */; };
		80227B5F2D987E4200675AD7 /* UIHelpers.swift in Sources */ = {isa = PBXBuildFile; fileRef = 80227B5E2D987E4200675AD7 /* UIHelpers.swift */; };
		804F6D872D7D01A700E2378D /* CalendarView.swift in Sources */ = {isa = PBXBuildFile; fileRef = 804F6D862D7D01A700E2378D /* CalendarView.swift */; };
		804F6D8A2D7D01F100E2378D /* FSCalendar in Frameworks */ = {isa = PBXBuildFile; productRef = 804F6D892D7D01F100E2378D /* FSCalendar */; };
		804F6D8C2D80730F00E2378D /* JournalModel.swift in Sources */ = {isa = PBXBuildFile; fileRef = 804F6D8B2D80730F00E2378D /* JournalModel.swift */; };
		804F6D8E2D8075EF00E2378D /* SideBarView.swift in Sources */ = {isa = PBXBuildFile; fileRef = 804F6D8D2D8075EF00E2378D /* SideBarView.swift */; };
		804F6D902D80764100E2378D /* TopNavBarView.swift in Sources */ = {isa = PBXBuildFile; fileRef = 804F6D8F2D80764100E2378D /* TopNavBarView.swift */; };
		804F6D922D80768B00E2378D /* HomeView.swift in Sources */ = {isa = PBXBuildFile; fileRef = 804F6D912D80768B00E2378D /* HomeView.swift */; };
		804F6D942D80B03300E2378D /* EntryListBlockView.swift in Sources */ = {isa = PBXBuildFile; fileRef = 804F6D932D80B03300E2378D /* EntryListBlockView.swift */; };
		804F6D992D81D7C300E2378D /* IconLibrary.swift in Sources */ = {isa = PBXBuildFile; fileRef = 804F6D982D81D7C300E2378D /* IconLibrary.swift */; };
		805666142D9B78AC00DD9DDF /* AddEntryView.swift in Sources */ = {isa = PBXBuildFile; fileRef = 805666132D9B78AC00DD9DDF /* AddEntryView.swift */; };
		805666162D9B7CA200DD9DDF /* TagsFlowLayout.swift in Sources */ = {isa = PBXBuildFile; fileRef = 805666152D9B7CA200DD9DDF /* TagsFlowLayout.swift */; };
		805666182D9C499A00DD9DDF /* TextFormatHelper.swift in Sources */ = {isa = PBXBuildFile; fileRef = 805666172D9C499A00DD9DDF /* TextFormatHelper.swift */; };
		8056661A2D9C4AFE00DD9DDF /* TextFormattingToolbarView.swift in Sources */ = {isa = PBXBuildFile; fileRef = 805666192D9C4AFE00DD9DDF /* TextFormattingToolbarView.swift */; };
		8056661C2D9C4EA500DD9DDF /* MarkdownTextView.swift in Sources */ = {isa = PBXBuildFile; fileRef = 8056661B2D9C4EA500DD9DDF /* MarkdownTextView.swift */; };
		8056661E2D9C7B9300DD9DDF /* EntryMediaView.swift in Sources */ = {isa = PBXBuildFile; fileRef = 8056661D2D9C7B9300DD9DDF /* EntryMediaView.swift */; };
		805666202D9C7D7A00DD9DDF /* MediaPreviewView.swift in Sources */ = {isa = PBXBuildFile; fileRef = 8056661F2D9C7D7A00DD9DDF /* MediaPreviewView.swift */; };
		805666262D9C875900DD9DDF /* ActiveSheet.swift in Sources */ = {isa = PBXBuildFile; fileRef = 805666252D9C875900DD9DDF /* ActiveSheet.swift */; };
		805666282D9C884100DD9DDF /* ImagePickerCoordinator.swift in Sources */ = {isa = PBXBuildFile; fileRef = 805666272D9C884100DD9DDF /* ImagePickerCoordinator.swift */; };
		805E5C892D6E79EF006A0614 /* EntryModel.swift in Sources */ = {isa = PBXBuildFile; fileRef = 805E5C882D6E79EF006A0614 /* EntryModel.swift */; };
		805E5C8B2D6E7D40006A0614 /* MediaFile.swift in Sources */ = {isa = PBXBuildFile; fileRef = 805E5C8A2D6E7D40006A0614 /* MediaFile.swift */; };
		805E5C8D2D6E7EFF006A0614 /* FirebaseService.swift in Sources */ = {isa = PBXBuildFile; fileRef = 805E5C8C2D6E7EFF006A0614 /* FirebaseService.swift */; };
		805E5C8F2D6E905F006A0614 /* GoogleService-Info.plist in Resources */ = {isa = PBXBuildFile; fileRef = 805E5C8E2D6E905E006A0614 /* GoogleService-Info.plist */; };
		807BB9BB2D8C459800F6A86C /* FloatingToolbarMenuView.swift in Sources */ = {isa = PBXBuildFile; fileRef = 807BB9BA2D8C459800F6A86C /* FloatingToolbarMenuView.swift */; };
		80AF73C42D8F14F50095B252 /* TagModel.swift in Sources */ = {isa = PBXBuildFile; fileRef = 80AF73C32D8F14F50095B252 /* TagModel.swift */; };
		80AF73C62D8F44390095B252 /* SideBarItem.swift in Sources */ = {isa = PBXBuildFile; fileRef = 80AF73C52D8F44390095B252 /* SideBarItem.swift */; };
		80AF73C82D91AD1B0095B252 /* SideBarCounts.swift in Sources */ = {isa = PBXBuildFile; fileRef = 80AF73C72D91AD1B0095B252 /* SideBarCounts.swift */; };
		80AF73CA2D91D16A0095B252 /* BiometricAuthService.swift in Sources */ = {isa = PBXBuildFile; fileRef = 80AF73C92D91D16A0095B252 /* BiometricAuthService.swift */; };
		80AF73CE2D91D6370095B252 /* PasscodeUnlock.swift in Sources */ = {isa = PBXBuildFile; fileRef = 80AF73CD2D91D6370095B252 /* PasscodeUnlock.swift */; };
		80AF73D02D91D6560095B252 /* AppBlurOverlay.swift in Sources */ = {isa = PBXBuildFile; fileRef = 80AF73CF2D91D6560095B252 /* AppBlurOverlay.swift */; };
		80AF73D22D91D9930095B252 /* AppUser.swift in Sources */ = {isa = PBXBuildFile; fileRef = 80AF73D12D91D9930095B252 /* AppUser.swift */; };
		80AF73D42D91DB560095B252 /* SignUpInfoView.swift in Sources */ = {isa = PBXBuildFile; fileRef = 80AF73D32D91DB560095B252 /* SignUpInfoView.swift */; };
		80AF73D62D91DC120095B252 /* SignUpEmailPassView.swift in Sources */ = {isa = PBXBuildFile; fileRef = 80AF73D52D91DC120095B252 /* SignUpEmailPassView.swift */; };
		80AF73DA2D91DEEA0095B252 /* SignUpCreatePasscodeView.swift in Sources */ = {isa = PBXBuildFile; fileRef = 80AF73D92D91DEEA0095B252 /* SignUpCreatePasscodeView.swift */; };
		80AF73DC2D91E0D90095B252 /* SignUpSuccessView.swift in Sources */ = {isa = PBXBuildFile; fileRef = 80AF73DB2D91E0D90095B252 /* SignUpSuccessView.swift */; };
		80AF73DE2D91E4370095B252 /* GlowingPasscodeFieldView.swift in Sources */ = {isa = PBXBuildFile; fileRef = 80AF73DD2D91E4370095B252 /* GlowingPasscodeFieldView.swift */; };
		80B2CE1D2D6F632200440A1F /* FirebaseAnalytics in Frameworks */ = {isa = PBXBuildFile; productRef = 80B2CE1C2D6F632200440A1F /* FirebaseAnalytics */; };
		80B2CE1F2D6F632200440A1F /* FirebaseAuth in Frameworks */ = {isa = PBXBuildFile; productRef = 80B2CE1E2D6F632200440A1F /* FirebaseAuth */; };
		80B2CE212D6F632200440A1F /* FirebaseFirestore in Frameworks */ = {isa = PBXBuildFile; productRef = 80B2CE202D6F632200440A1F /* FirebaseFirestore */; };
		80B2CE232D6F632200440A1F /* FirebaseStorage in Frameworks */ = {isa = PBXBuildFile; productRef = 80B2CE222D6F632200440A1F /* FirebaseStorage */; };
		80B2CE5F2D70D26A00440A1F /* EntryListView.swift in Sources */ = {isa = PBXBuildFile; fileRef = 80B2CE5E2D70D26A00440A1F /* EntryListView.swift */; };
		80B2CE612D70D27900440A1F /* EntryDetailView.swift in Sources */ = {isa = PBXBuildFile; fileRef = 80B2CE602D70D27900440A1F /* EntryDetailView.swift */; };
		80B2CE652D70DA0200440A1F /* ProfileView.swift in Sources */ = {isa = PBXBuildFile; fileRef = 80B2CE642D70DA0200440A1F /* ProfileView.swift */; };
		80B2CE682D70DC5D00440A1F /* DateFormatterHelper.swift in Sources */ = {isa = PBXBuildFile; fileRef = 80B2CE672D70DC5D00440A1F /* DateFormatterHelper.swift */; };
		80B2CE6C2D70DC8600440A1F /* ValidationHelper.swift in Sources */ = {isa = PBXBuildFile; fileRef = 80B2CE6B2D70DC8600440A1F /* ValidationHelper.swift */; };
		80B7AB0A2D9B23A40067BC92 /* Mood.swift in Sources */ = {isa = PBXBuildFile; fileRef = 80B7AB092D9B23A40067BC92 /* Mood.swift */; };
		80B7AB102D9B27DD0067BC92 /* VideoThumbnailView.swift in Sources */ = {isa = PBXBuildFile; fileRef = 80B7AB0F2D9B27DD0067BC92 /* VideoThumbnailView.swift */; };
		80B7AB122D9B28430067BC92 /* MediaGridScrollView.swift in Sources */ = {isa = PBXBuildFile; fileRef = 80B7AB112D9B28430067BC92 /* MediaGridScrollView.swift */; };
		80B7AB142D9B46A40067BC92 /* EntryContentView.swift in Sources */ = {isa = PBXBuildFile; fileRef = 80B7AB132D9B46A40067BC92 /* EntryContentView.swift */; };
		80B7AB162D9B6F350067BC92 /* MoodsView.swift in Sources */ = {isa = PBXBuildFile; fileRef = 80B7AB152D9B6F350067BC92 /* MoodsView.swift */; };
		80B7AB182D9B71960067BC92 /* SelectMoodsView.swift in Sources */ = {isa = PBXBuildFile; fileRef = 80B7AB172D9B71960067BC92 /* SelectMoodsView.swift */; };
		80BDB02F2D8DB10A0021262A /* LoginView.swift in Sources */ = {isa = PBXBuildFile; fileRef = 80BDB02E2D8DB10A0021262A /* LoginView.swift */; };
		80BDB0352D8DBC3E0021262A /* SettingsView.swift in Sources */ = {isa = PBXBuildFile; fileRef = 80BDB0342D8DBC3E0021262A /* SettingsView.swift */; };
		80C8D8842D9AE04400127A75 /* AppState.swift in Sources */ = {isa = PBXBuildFile; fileRef = 80C8D8832D9AE04400127A75 /* AppState.swift */; };
		80CBA7602D9DC7CB009FE54D /* AddTagView.swift in Sources */ = {isa = PBXBuildFile; fileRef = 80CBA75F2D9DC7CB009FE54D /* AddTagView.swift */; };
		80D636362D6CCBA3008FF902 /* JournalAppApp.swift in Sources */ = {isa = PBXBuildFile; fileRef = 80D636352D6CCBA3008FF902 /* JournalAppApp.swift */; };
		80D636382D6CCBA3008FF902 /* ContentView.swift in Sources */ = {isa = PBXBuildFile; fileRef = 80D636372D6CCBA3008FF902 /* ContentView.swift */; };
		80D6363A2D6CCBA6008FF902 /* Assets.xcassets in Resources */ = {isa = PBXBuildFile; fileRef = 80D636392D6CCBA6008FF902 /* Assets.xcassets */; };
		80D6363D2D6CCBA6008FF902 /* Preview Assets.xcassets in Resources */ = {isa = PBXBuildFile; fileRef = 80D6363C2D6CCBA6008FF902 /* Preview Assets.xcassets */; };
/* End PBXBuildFile section */

/* Begin PBXFileReference section */
		80227B132D94894800675AD7 /* LottieView.swift */ = {isa = PBXFileReference; lastKnownFileType = sourcecode.swift; path = LottieView.swift; sourceTree = "<group>"; };
		80227B152D948A0200675AD7 /* checkmark_animation.json */ = {isa = PBXFileReference; fileEncoding = 4; lastKnownFileType = text.json; path = checkmark_animation.json; sourceTree = "<group>"; };
		80227B172D94A79F00675AD7 /* DigitButton.swift */ = {isa = PBXFileReference; lastKnownFileType = sourcecode.swift; path = DigitButton.swift; sourceTree = "<group>"; };
		80227B192D94A86000675AD7 /* KeypadView.swift */ = {isa = PBXFileReference; lastKnownFileType = sourcecode.swift; path = KeypadView.swift; sourceTree = "<group>"; };
		80227B1D2D95888800675AD7 /* PasscodeBGBlurView.swift */ = {isa = PBXFileReference; lastKnownFileType = sourcecode.swift; path = PasscodeBGBlurView.swift; sourceTree = "<group>"; };
		80227B202D9594B800675AD7 /* CryptoHelper.swift */ = {isa = PBXFileReference; lastKnownFileType = sourcecode.swift; path = CryptoHelper.swift; sourceTree = "<group>"; };
		80227B242D978FD100675AD7 /* RoundedBorderButtonView.swift */ = {isa = PBXFileReference; lastKnownFileType = sourcecode.swift; path = RoundedBorderButtonView.swift; sourceTree = "<group>"; };
		80227B282D98321700675AD7 /* Poppins-ExtraBold.ttf */ = {isa = PBXFileReference; lastKnownFileType = file; path = "Poppins-ExtraBold.ttf"; sourceTree = "<group>"; };
		80227B292D98321800675AD7 /* Poppins-ExtraLight.ttf */ = {isa = PBXFileReference; lastKnownFileType = file; path = "Poppins-ExtraLight.ttf"; sourceTree = "<group>"; };
		80227B2A2D98321800675AD7 /* Poppins-BlackItalic.ttf */ = {isa = PBXFileReference; lastKnownFileType = file; path = "Poppins-BlackItalic.ttf"; sourceTree = "<group>"; };
		80227B2B2D98321800675AD7 /* Poppins-MediumItalic.ttf */ = {isa = PBXFileReference; lastKnownFileType = file; path = "Poppins-MediumItalic.ttf"; sourceTree = "<group>"; };
		80227B2C2D98321900675AD7 /* Poppins-Regular.ttf */ = {isa = PBXFileReference; lastKnownFileType = file; path = "Poppins-Regular.ttf"; sourceTree = "<group>"; };
		80227B2D2D98321900675AD7 /* Poppins-ThinItalic.ttf */ = {isa = PBXFileReference; lastKnownFileType = file; path = "Poppins-ThinItalic.ttf"; sourceTree = "<group>"; };
		80227B2E2D98321A00675AD7 /* Poppins-Black.ttf */ = {isa = PBXFileReference; lastKnownFileType = file; path = "Poppins-Black.ttf"; sourceTree = "<group>"; };
		80227B2F2D98321A00675AD7 /* Poppins-Italic.ttf */ = {isa = PBXFileReference; lastKnownFileType = file; path = "Poppins-Italic.ttf"; sourceTree = "<group>"; };
		80227B302D98321B00675AD7 /* Poppins-ExtraBoldItalic.ttf */ = {isa = PBXFileReference; lastKnownFileType = file; path = "Poppins-ExtraBoldItalic.ttf"; sourceTree = "<group>"; };
		80227B312D98321B00675AD7 /* Poppins-SemiBold.ttf */ = {isa = PBXFileReference; lastKnownFileType = file; path = "Poppins-SemiBold.ttf"; sourceTree = "<group>"; };
		80227B322D98321C00675AD7 /* Poppins-Thin.ttf */ = {isa = PBXFileReference; lastKnownFileType = file; path = "Poppins-Thin.ttf"; sourceTree = "<group>"; };
		80227B332D98321C00675AD7 /* Poppins-Bold.ttf */ = {isa = PBXFileReference; lastKnownFileType = file; path = "Poppins-Bold.ttf"; sourceTree = "<group>"; };
		80227B342D98321D00675AD7 /* Poppins-BoldItalic.ttf */ = {isa = PBXFileReference; lastKnownFileType = file; path = "Poppins-BoldItalic.ttf"; sourceTree = "<group>"; };
		80227B352D98321D00675AD7 /* Poppins-LightItalic.ttf */ = {isa = PBXFileReference; lastKnownFileType = file; path = "Poppins-LightItalic.ttf"; sourceTree = "<group>"; };
		80227B362D98321D00675AD7 /* Poppins-SemiBoldItalic.ttf */ = {isa = PBXFileReference; lastKnownFileType = file; path = "Poppins-SemiBoldItalic.ttf"; sourceTree = "<group>"; };
		80227B372D98321E00675AD7 /* Poppins-Light.ttf */ = {isa = PBXFileReference; lastKnownFileType = file; path = "Poppins-Light.ttf"; sourceTree = "<group>"; };
		80227B382D98321E00675AD7 /* Poppins-ExtraLightItalic.ttf */ = {isa = PBXFileReference; lastKnownFileType = file; path = "Poppins-ExtraLightItalic.ttf"; sourceTree = "<group>"; };
		80227B392D98321F00675AD7 /* Poppins-Medium.ttf */ = {isa = PBXFileReference; lastKnownFileType = file; path = "Poppins-Medium.ttf"; sourceTree = "<group>"; };
		80227B4C2D9835E400675AD7 /* PasscodeUnlockAlphanumeric.swift */ = {isa = PBXFileReference; lastKnownFileType = sourcecode.swift; path = PasscodeUnlockAlphanumeric.swift; sourceTree = "<group>"; };
		80227B4E2D983DD000675AD7 /* BlurView.swift */ = {isa = PBXFileReference; lastKnownFileType = sourcecode.swift; path = BlurView.swift; sourceTree = "<group>"; };
		80227B502D983F8700675AD7 /* AddItemButton.swift */ = {isa = PBXFileReference; lastKnownFileType = sourcecode.swift; path = AddItemButton.swift; sourceTree = "<group>"; };
		80227B522D983FC600675AD7 /* SectionLabel.swift */ = {isa = PBXFileReference; lastKnownFileType = sourcecode.swift; path = SectionLabel.swift; sourceTree = "<group>"; };
		80227B542D9842E700675AD7 /* AddJournalView.swift */ = {isa = PBXFileReference; lastKnownFileType = sourcecode.swift; path = AddJournalView.swift; sourceTree = "<group>"; };
		80227B562D984D6F00675AD7 /* CircularIconButtonView.swift */ = {isa = PBXFileReference; lastKnownFileType = sourcecode.swift; path = CircularIconButtonView.swift; sourceTree = "<group>"; };
		80227B582D9856F100675AD7 /* CustomTextFieldView.swift */ = {isa = PBXFileReference; lastKnownFileType = sourcecode.swift; path = CustomTextFieldView.swift; sourceTree = "<group>"; };
		80227B5C2D9872F500675AD7 /* CustomSecureFieldView.swift */ = {isa = PBXFileReference; lastKnownFileType = sourcecode.swift; path = CustomSecureFieldView.swift; sourceTree = "<group>"; };
		80227B5E2D987E4200675AD7 /* UIHelpers.swift */ = {isa = PBXFileReference; lastKnownFileType = sourcecode.swift; path = UIHelpers.swift; sourceTree = "<group>"; };
		804F6D862D7D01A700E2378D /* CalendarView.swift */ = {isa = PBXFileReference; lastKnownFileType = sourcecode.swift; path = CalendarView.swift; sourceTree = "<group>"; };
		804F6D8B2D80730F00E2378D /* JournalModel.swift */ = {isa = PBXFileReference; lastKnownFileType = sourcecode.swift; path = JournalModel.swift; sourceTree = "<group>"; };
		804F6D8D2D8075EF00E2378D /* SideBarView.swift */ = {isa = PBXFileReference; lastKnownFileType = sourcecode.swift; path = SideBarView.swift; sourceTree = "<group>"; };
		804F6D8F2D80764100E2378D /* TopNavBarView.swift */ = {isa = PBXFileReference; lastKnownFileType = sourcecode.swift; path = TopNavBarView.swift; sourceTree = "<group>"; };
		804F6D912D80768B00E2378D /* HomeView.swift */ = {isa = PBXFileReference; lastKnownFileType = sourcecode.swift; path = HomeView.swift; sourceTree = "<group>"; };
		804F6D932D80B03300E2378D /* EntryListBlockView.swift */ = {isa = PBXFileReference; lastKnownFileType = sourcecode.swift; path = EntryListBlockView.swift; sourceTree = "<group>"; };
		804F6D982D81D7C300E2378D /* IconLibrary.swift */ = {isa = PBXFileReference; lastKnownFileType = sourcecode.swift; path = IconLibrary.swift; sourceTree = "<group>"; };
		805666132D9B78AC00DD9DDF /* AddEntryView.swift */ = {isa = PBXFileReference; lastKnownFileType = sourcecode.swift; path = AddEntryView.swift; sourceTree = "<group>"; };
		805666152D9B7CA200DD9DDF /* TagsFlowLayout.swift */ = {isa = PBXFileReference; lastKnownFileType = sourcecode.swift; path = TagsFlowLayout.swift; sourceTree = "<group>"; };
		805666172D9C499A00DD9DDF /* TextFormatHelper.swift */ = {isa = PBXFileReference; lastKnownFileType = sourcecode.swift; path = TextFormatHelper.swift; sourceTree = "<group>"; };
		805666192D9C4AFE00DD9DDF /* TextFormattingToolbarView.swift */ = {isa = PBXFileReference; lastKnownFileType = sourcecode.swift; path = TextFormattingToolbarView.swift; sourceTree = "<group>"; };
		8056661B2D9C4EA500DD9DDF /* MarkdownTextView.swift */ = {isa = PBXFileReference; lastKnownFileType = sourcecode.swift; path = MarkdownTextView.swift; sourceTree = "<group>"; };
		8056661D2D9C7B9300DD9DDF /* EntryMediaView.swift */ = {isa = PBXFileReference; lastKnownFileType = sourcecode.swift; path = EntryMediaView.swift; sourceTree = "<group>"; };
		8056661F2D9C7D7A00DD9DDF /* MediaPreviewView.swift */ = {isa = PBXFileReference; lastKnownFileType = sourcecode.swift; path = MediaPreviewView.swift; sourceTree = "<group>"; };
		805666252D9C875900DD9DDF /* ActiveSheet.swift */ = {isa = PBXFileReference; lastKnownFileType = sourcecode.swift; path = ActiveSheet.swift; sourceTree = "<group>"; };
		805666272D9C884100DD9DDF /* ImagePickerCoordinator.swift */ = {isa = PBXFileReference; lastKnownFileType = sourcecode.swift; path = ImagePickerCoordinator.swift; sourceTree = "<group>"; };
		805E5C882D6E79EF006A0614 /* EntryModel.swift */ = {isa = PBXFileReference; lastKnownFileType = sourcecode.swift; path = EntryModel.swift; sourceTree = "<group>"; };
		805E5C8A2D6E7D40006A0614 /* MediaFile.swift */ = {isa = PBXFileReference; lastKnownFileType = sourcecode.swift; path = MediaFile.swift; sourceTree = "<group>"; };
		805E5C8C2D6E7EFF006A0614 /* FirebaseService.swift */ = {isa = PBXFileReference; lastKnownFileType = sourcecode.swift; path = FirebaseService.swift; sourceTree = "<group>"; };
		805E5C8E2D6E905E006A0614 /* GoogleService-Info.plist */ = {isa = PBXFileReference; fileEncoding = 4; lastKnownFileType = text.plist.xml; path = "GoogleService-Info.plist"; sourceTree = "<group>"; };
		807BB9BA2D8C459800F6A86C /* FloatingToolbarMenuView.swift */ = {isa = PBXFileReference; lastKnownFileType = sourcecode.swift; path = FloatingToolbarMenuView.swift; sourceTree = "<group>"; };
		80AF73C32D8F14F50095B252 /* TagModel.swift */ = {isa = PBXFileReference; lastKnownFileType = sourcecode.swift; path = TagModel.swift; sourceTree = "<group>"; };
		80AF73C52D8F44390095B252 /* SideBarItem.swift */ = {isa = PBXFileReference; lastKnownFileType = sourcecode.swift; path = SideBarItem.swift; sourceTree = "<group>"; };
		80AF73C72D91AD1B0095B252 /* SideBarCounts.swift */ = {isa = PBXFileReference; lastKnownFileType = sourcecode.swift; path = SideBarCounts.swift; sourceTree = "<group>"; };
		80AF73C92D91D16A0095B252 /* BiometricAuthService.swift */ = {isa = PBXFileReference; lastKnownFileType = sourcecode.swift; path = BiometricAuthService.swift; sourceTree = "<group>"; };
		80AF73CD2D91D6370095B252 /* PasscodeUnlock.swift */ = {isa = PBXFileReference; lastKnownFileType = sourcecode.swift; path = PasscodeUnlock.swift; sourceTree = "<group>"; };
		80AF73CF2D91D6560095B252 /* AppBlurOverlay.swift */ = {isa = PBXFileReference; lastKnownFileType = sourcecode.swift; path = AppBlurOverlay.swift; sourceTree = "<group>"; };
		80AF73D12D91D9930095B252 /* AppUser.swift */ = {isa = PBXFileReference; lastKnownFileType = sourcecode.swift; path = AppUser.swift; sourceTree = "<group>"; };
		80AF73D32D91DB560095B252 /* SignUpInfoView.swift */ = {isa = PBXFileReference; lastKnownFileType = sourcecode.swift; path = SignUpInfoView.swift; sourceTree = "<group>"; };
		80AF73D52D91DC120095B252 /* SignUpEmailPassView.swift */ = {isa = PBXFileReference; lastKnownFileType = sourcecode.swift; path = SignUpEmailPassView.swift; sourceTree = "<group>"; };
		80AF73D92D91DEEA0095B252 /* SignUpCreatePasscodeView.swift */ = {isa = PBXFileReference; lastKnownFileType = sourcecode.swift; path = SignUpCreatePasscodeView.swift; sourceTree = "<group>"; };
		80AF73DB2D91E0D90095B252 /* SignUpSuccessView.swift */ = {isa = PBXFileReference; lastKnownFileType = sourcecode.swift; path = SignUpSuccessView.swift; sourceTree = "<group>"; };
		80AF73DD2D91E4370095B252 /* GlowingPasscodeFieldView.swift */ = {isa = PBXFileReference; lastKnownFileType = sourcecode.swift; path = GlowingPasscodeFieldView.swift; sourceTree = "<group>"; };
		80B2CE5E2D70D26A00440A1F /* EntryListView.swift */ = {isa = PBXFileReference; lastKnownFileType = sourcecode.swift; path = EntryListView.swift; sourceTree = "<group>"; };
		80B2CE602D70D27900440A1F /* EntryDetailView.swift */ = {isa = PBXFileReference; lastKnownFileType = sourcecode.swift; path = EntryDetailView.swift; sourceTree = "<group>"; };
		80B2CE642D70DA0200440A1F /* ProfileView.swift */ = {isa = PBXFileReference; lastKnownFileType = sourcecode.swift; path = ProfileView.swift; sourceTree = "<group>"; };
		80B2CE672D70DC5D00440A1F /* DateFormatterHelper.swift */ = {isa = PBXFileReference; lastKnownFileType = sourcecode.swift; path = DateFormatterHelper.swift; sourceTree = "<group>"; };
		80B2CE6B2D70DC8600440A1F /* ValidationHelper.swift */ = {isa = PBXFileReference; lastKnownFileType = sourcecode.swift; path = ValidationHelper.swift; sourceTree = "<group>"; };
		80B7AB092D9B23A40067BC92 /* Mood.swift */ = {isa = PBXFileReference; lastKnownFileType = sourcecode.swift; path = Mood.swift; sourceTree = "<group>"; };
		80B7AB0F2D9B27DD0067BC92 /* VideoThumbnailView.swift */ = {isa = PBXFileReference; lastKnownFileType = sourcecode.swift; path = VideoThumbnailView.swift; sourceTree = "<group>"; };
		80B7AB112D9B28430067BC92 /* MediaGridScrollView.swift */ = {isa = PBXFileReference; lastKnownFileType = sourcecode.swift; path = MediaGridScrollView.swift; sourceTree = "<group>"; };
		80B7AB132D9B46A40067BC92 /* EntryContentView.swift */ = {isa = PBXFileReference; lastKnownFileType = sourcecode.swift; path = EntryContentView.swift; sourceTree = "<group>"; };
		80B7AB152D9B6F350067BC92 /* MoodsView.swift */ = {isa = PBXFileReference; lastKnownFileType = sourcecode.swift; path = MoodsView.swift; sourceTree = "<group>"; };
		80B7AB172D9B71960067BC92 /* SelectMoodsView.swift */ = {isa = PBXFileReference; lastKnownFileType = sourcecode.swift; path = SelectMoodsView.swift; sourceTree = "<group>"; };
		80BDB02E2D8DB10A0021262A /* LoginView.swift */ = {isa = PBXFileReference; lastKnownFileType = sourcecode.swift; path = LoginView.swift; sourceTree = "<group>"; };
		80BDB0342D8DBC3E0021262A /* SettingsView.swift */ = {isa = PBXFileReference; lastKnownFileType = sourcecode.swift; path = SettingsView.swift; sourceTree = "<group>"; };
		80C8D8832D9AE04400127A75 /* AppState.swift */ = {isa = PBXFileReference; lastKnownFileType = sourcecode.swift; path = AppState.swift; sourceTree = "<group>"; };
		80CBA75F2D9DC7CB009FE54D /* AddTagView.swift */ = {isa = PBXFileReference; lastKnownFileType = sourcecode.swift; path = AddTagView.swift; sourceTree = "<group>"; };
		80D636322D6CCBA3008FF902 /* JournalApp.app */ = {isa = PBXFileReference; explicitFileType = wrapper.application; includeInIndex = 0; path = JournalApp.app; sourceTree = BUILT_PRODUCTS_DIR; };
		80D636352D6CCBA3008FF902 /* JournalAppApp.swift */ = {isa = PBXFileReference; lastKnownFileType = sourcecode.swift; path = JournalAppApp.swift; sourceTree = "<group>"; };
		80D636372D6CCBA3008FF902 /* ContentView.swift */ = {isa = PBXFileReference; lastKnownFileType = sourcecode.swift; path = ContentView.swift; sourceTree = "<group>"; };
		80D636392D6CCBA6008FF902 /* Assets.xcassets */ = {isa = PBXFileReference; lastKnownFileType = folder.assetcatalog; path = Assets.xcassets; sourceTree = "<group>"; };
		80D6363C2D6CCBA6008FF902 /* Preview Assets.xcassets */ = {isa = PBXFileReference; lastKnownFileType = folder.assetcatalog; path = "Preview Assets.xcassets"; sourceTree = "<group>"; };
/* End PBXFileReference section */

/* Begin PBXFrameworksBuildPhase section */
		80D6362F2D6CCBA3008FF902 /* Frameworks */ = {
			isa = PBXFrameworksBuildPhase;
			buildActionMask = 2147483647;
			files = (
				80B2CE1D2D6F632200440A1F /* FirebaseAnalytics in Frameworks */,
				80B2CE232D6F632200440A1F /* FirebaseStorage in Frameworks */,
				80B2CE1F2D6F632200440A1F /* FirebaseAuth in Frameworks */,
				804F6D8A2D7D01F100E2378D /* FSCalendar in Frameworks */,
				80B2CE212D6F632200440A1F /* FirebaseFirestore in Frameworks */,
				80227B0F2D94866A00675AD7 /* Lottie in Frameworks */,
			);
			runOnlyForDeploymentPostprocessing = 0;
		};
/* End PBXFrameworksBuildPhase section */

/* Begin PBXGroup section */
		80227B122D94890200675AD7 /* Animations */ = {
			isa = PBXGroup;
			children = (
				80227B152D948A0200675AD7 /* checkmark_animation.json */,
			);
			path = Animations;
			sourceTree = "<group>";
		};
		80227B262D9831F500675AD7 /* Fonts */ = {
			isa = PBXGroup;
			children = (
				80227B272D9831FC00675AD7 /* Poppins */,
			);
			path = Fonts;
			sourceTree = "<group>";
		};
		80227B272D9831FC00675AD7 /* Poppins */ = {
			isa = PBXGroup;
			children = (
				80227B2E2D98321A00675AD7 /* Poppins-Black.ttf */,
				80227B2A2D98321800675AD7 /* Poppins-BlackItalic.ttf */,
				80227B332D98321C00675AD7 /* Poppins-Bold.ttf */,
				80227B342D98321D00675AD7 /* Poppins-BoldItalic.ttf */,
				80227B282D98321700675AD7 /* Poppins-ExtraBold.ttf */,
				80227B302D98321B00675AD7 /* Poppins-ExtraBoldItalic.ttf */,
				80227B292D98321800675AD7 /* Poppins-ExtraLight.ttf */,
				80227B382D98321E00675AD7 /* Poppins-ExtraLightItalic.ttf */,
				80227B2F2D98321A00675AD7 /* Poppins-Italic.ttf */,
				80227B372D98321E00675AD7 /* Poppins-Light.ttf */,
				80227B352D98321D00675AD7 /* Poppins-LightItalic.ttf */,
				80227B392D98321F00675AD7 /* Poppins-Medium.ttf */,
				80227B2B2D98321800675AD7 /* Poppins-MediumItalic.ttf */,
				80227B2C2D98321900675AD7 /* Poppins-Regular.ttf */,
				80227B312D98321B00675AD7 /* Poppins-SemiBold.ttf */,
				80227B362D98321D00675AD7 /* Poppins-SemiBoldItalic.ttf */,
				80227B322D98321C00675AD7 /* Poppins-Thin.ttf */,
				80227B2D2D98321900675AD7 /* Poppins-ThinItalic.ttf */,
			);
			path = Poppins;
			sourceTree = "<group>";
		};
		804F6D972D81D60000E2378D /* Components */ = {
			isa = PBXGroup;
			children = (
				804F6D8F2D80764100E2378D /* TopNavBarView.swift */,
				804F6D8D2D8075EF00E2378D /* SideBarView.swift */,
				80AF73C52D8F44390095B252 /* SideBarItem.swift */,
				80227B522D983FC600675AD7 /* SectionLabel.swift */,
				80227B502D983F8700675AD7 /* AddItemButton.swift */,
				80227B4E2D983DD000675AD7 /* BlurView.swift */,
				804F6D932D80B03300E2378D /* EntryListBlockView.swift */,
				80B2CE5E2D70D26A00440A1F /* EntryListView.swift */,
				80B2CE602D70D27900440A1F /* EntryDetailView.swift */,
				807BB9BA2D8C459800F6A86C /* FloatingToolbarMenuView.swift */,
				804F6D862D7D01A700E2378D /* CalendarView.swift */,
				80BDB0342D8DBC3E0021262A /* SettingsView.swift */,
				80227B132D94894800675AD7 /* LottieView.swift */,
				80227B172D94A79F00675AD7 /* DigitButton.swift */,
				80227B192D94A86000675AD7 /* KeypadView.swift */,
				80227B242D978FD100675AD7 /* RoundedBorderButtonView.swift */,
				80227B562D984D6F00675AD7 /* CircularIconButtonView.swift */,
				80227B582D9856F100675AD7 /* CustomTextFieldView.swift */,
				80227B5C2D9872F500675AD7 /* CustomSecureFieldView.swift */,
				80B7AB0F2D9B27DD0067BC92 /* VideoThumbnailView.swift */,
				80B7AB112D9B28430067BC92 /* MediaGridScrollView.swift */,
				80B7AB152D9B6F350067BC92 /* MoodsView.swift */,
				80B7AB172D9B71960067BC92 /* SelectMoodsView.swift */,
				805666152D9B7CA200DD9DDF /* TagsFlowLayout.swift */,
				805666192D9C4AFE00DD9DDF /* TextFormattingToolbarView.swift */,
				80B7AB132D9B46A40067BC92 /* EntryContentView.swift */,
				8056661D2D9C7B9300DD9DDF /* EntryMediaView.swift */,
				8056661B2D9C4EA500DD9DDF /* MarkdownTextView.swift */,
				8056661F2D9C7D7A00DD9DDF /* MediaPreviewView.swift */,
			);
			path = Components;
			sourceTree = "<group>";
		};
		805666242D9C873F00DD9DDF /* Navigation */ = {
			isa = PBXGroup;
			children = (
				805666252D9C875900DD9DDF /* ActiveSheet.swift */,
			);
			path = Navigation;
			sourceTree = "<group>";
		};
		805E5C832D6E3603006A0614 /* Models */ = {
			isa = PBXGroup;
			children = (
				80AF73D12D91D9930095B252 /* AppUser.swift */,
				805E5C882D6E79EF006A0614 /* EntryModel.swift */,
				805E5C8A2D6E7D40006A0614 /* MediaFile.swift */,
				804F6D8B2D80730F00E2378D /* JournalModel.swift */,
				80AF73C32D8F14F50095B252 /* TagModel.swift */,
				80AF73C72D91AD1B0095B252 /* SideBarCounts.swift */,
				80B7AB092D9B23A40067BC92 /* Mood.swift */,
			);
			path = Models;
			sourceTree = "<group>";
		};
		805E5C842D6E360D006A0614 /* Views */ = {
			isa = PBXGroup;
			children = (
				80BDB02E2D8DB10A0021262A /* LoginView.swift */,
				804F6D912D80768B00E2378D /* HomeView.swift */,
				805666132D9B78AC00DD9DDF /* AddEntryView.swift */,
				80B2CE642D70DA0200440A1F /* ProfileView.swift */,
				80D636372D6CCBA3008FF902 /* ContentView.swift */,
				80AF73CD2D91D6370095B252 /* PasscodeUnlock.swift */,
				80227B4C2D9835E400675AD7 /* PasscodeUnlockAlphanumeric.swift */,
				80227B1D2D95888800675AD7 /* PasscodeBGBlurView.swift */,
				80AF73D32D91DB560095B252 /* SignUpInfoView.swift */,
				80AF73D52D91DC120095B252 /* SignUpEmailPassView.swift */,
				80AF73D92D91DEEA0095B252 /* SignUpCreatePasscodeView.swift */,
				80AF73DB2D91E0D90095B252 /* SignUpSuccessView.swift */,
				80AF73DD2D91E4370095B252 /* GlowingPasscodeFieldView.swift */,
				80227B542D9842E700675AD7 /* AddJournalView.swift */,
				80CBA75F2D9DC7CB009FE54D /* AddTagView.swift */,
			);
			path = Views;
			sourceTree = "<group>";
		};
		805E5C852D6E3615006A0614 /* Services */ = {
			isa = PBXGroup;
			children = (
				805E5C8C2D6E7EFF006A0614 /* FirebaseService.swift */,
				80AF73C92D91D16A0095B252 /* BiometricAuthService.swift */,
			);
			path = Services;
			sourceTree = "<group>";
		};
		80B2CE662D70DC3600440A1F /* Utilities */ = {
			isa = PBXGroup;
			children = (
				80B2CE672D70DC5D00440A1F /* DateFormatterHelper.swift */,
				80B2CE6B2D70DC8600440A1F /* ValidationHelper.swift */,
				804F6D982D81D7C300E2378D /* IconLibrary.swift */,
				80AF73CF2D91D6560095B252 /* AppBlurOverlay.swift */,
				80227B202D9594B800675AD7 /* CryptoHelper.swift */,
				80227B5E2D987E4200675AD7 /* UIHelpers.swift */,
				80C8D8832D9AE04400127A75 /* AppState.swift */,
				805666172D9C499A00DD9DDF /* TextFormatHelper.swift */,
				805666272D9C884100DD9DDF /* ImagePickerCoordinator.swift */,
			);
			path = Utilities;
			sourceTree = "<group>";
		};
		80D636292D6CCBA3008FF902 = {
			isa = PBXGroup;
			children = (
				80D636342D6CCBA3008FF902 /* JournalApp */,
				80D636332D6CCBA3008FF902 /* Products */,
			);
			sourceTree = "<group>";
		};
		80D636332D6CCBA3008FF902 /* Products */ = {
			isa = PBXGroup;
			children = (
				80D636322D6CCBA3008FF902 /* JournalApp.app */,
			);
			name = Products;
			sourceTree = "<group>";
		};
		80D636342D6CCBA3008FF902 /* JournalApp */ = {
			isa = PBXGroup;
			children = (
				805666242D9C873F00DD9DDF /* Navigation */,
				80227B262D9831F500675AD7 /* Fonts */,
				80227B122D94890200675AD7 /* Animations */,
				804F6D972D81D60000E2378D /* Components */,
				80B2CE662D70DC3600440A1F /* Utilities */,
				805E5C8E2D6E905E006A0614 /* GoogleService-Info.plist */,
				805E5C852D6E3615006A0614 /* Services */,
				805E5C842D6E360D006A0614 /* Views */,
				805E5C832D6E3603006A0614 /* Models */,
				80D636352D6CCBA3008FF902 /* JournalAppApp.swift */,
				80D636392D6CCBA6008FF902 /* Assets.xcassets */,
				80D6363B2D6CCBA6008FF902 /* Preview Content */,
			);
			path = JournalApp;
			sourceTree = "<group>";
		};
		80D6363B2D6CCBA6008FF902 /* Preview Content */ = {
			isa = PBXGroup;
			children = (
				80D6363C2D6CCBA6008FF902 /* Preview Assets.xcassets */,
			);
			path = "Preview Content";
			sourceTree = "<group>";
		};
/* End PBXGroup section */

/* Begin PBXNativeTarget section */
		80D636312D6CCBA3008FF902 /* JournalApp */ = {
			isa = PBXNativeTarget;
			buildConfigurationList = 80D636402D6CCBA6008FF902 /* Build configuration list for PBXNativeTarget "JournalApp" */;
			buildPhases = (
				80D6362E2D6CCBA3008FF902 /* Sources */,
				80D6362F2D6CCBA3008FF902 /* Frameworks */,
				80D636302D6CCBA3008FF902 /* Resources */,
			);
			buildRules = (
			);
			dependencies = (
			);
			name = JournalApp;
			packageProductDependencies = (
				80B2CE1C2D6F632200440A1F /* FirebaseAnalytics */,
				80B2CE1E2D6F632200440A1F /* FirebaseAuth */,
				80B2CE202D6F632200440A1F /* FirebaseFirestore */,
				80B2CE222D6F632200440A1F /* FirebaseStorage */,
				804F6D892D7D01F100E2378D /* FSCalendar */,
				80227B0E2D94866A00675AD7 /* Lottie */,
			);
			productName = JournalApp;
			productReference = 80D636322D6CCBA3008FF902 /* JournalApp.app */;
			productType = "com.apple.product-type.application";
		};
/* End PBXNativeTarget section */

/* Begin PBXProject section */
		80D6362A2D6CCBA3008FF902 /* Project object */ = {
			isa = PBXProject;
			attributes = {
				BuildIndependentTargetsInParallel = 1;
				LastSwiftUpdateCheck = 1420;
				LastUpgradeCheck = 1420;
				TargetAttributes = {
					80D636312D6CCBA3008FF902 = {
						CreatedOnToolsVersion = 14.2;
					};
				};
			};
			buildConfigurationList = 80D6362D2D6CCBA3008FF902 /* Build configuration list for PBXProject "JournalApp" */;
			compatibilityVersion = "Xcode 14.0";
			developmentRegion = en;
			hasScannedForEncodings = 0;
			knownRegions = (
				en,
				Base,
			);
			mainGroup = 80D636292D6CCBA3008FF902;
			packageReferences = (
				80B2CE1B2D6F632200440A1F /* XCRemoteSwiftPackageReference "firebase-ios-sdk" */,
				804F6D882D7D01F100E2378D /* XCRemoteSwiftPackageReference "FSCalendar" */,
				80227B0D2D94866A00675AD7 /* XCRemoteSwiftPackageReference "lottie-ios" */,
			);
			productRefGroup = 80D636332D6CCBA3008FF902 /* Products */;
			projectDirPath = "";
			projectRoot = "";
			targets = (
				80D636312D6CCBA3008FF902 /* JournalApp */,
			);
		};
/* End PBXProject section */

/* Begin PBXResourcesBuildPhase section */
		80D636302D6CCBA3008FF902 /* Resources */ = {
			isa = PBXResourcesBuildPhase;
			buildActionMask = 2147483647;
			files = (
				80227B3B2D98321F00675AD7 /* Poppins-ExtraLight.ttf in Resources */,
				80227B482D98321F00675AD7 /* Poppins-SemiBoldItalic.ttf in Resources */,
				80227B432D98321F00675AD7 /* Poppins-SemiBold.ttf in Resources */,
				80227B3D2D98321F00675AD7 /* Poppins-MediumItalic.ttf in Resources */,
				80227B452D98321F00675AD7 /* Poppins-Bold.ttf in Resources */,
				80227B3C2D98321F00675AD7 /* Poppins-BlackItalic.ttf in Resources */,
				80227B3E2D98321F00675AD7 /* Poppins-Regular.ttf in Resources */,
				80227B162D948A0200675AD7 /* checkmark_animation.json in Resources */,
				80227B472D98321F00675AD7 /* Poppins-LightItalic.ttf in Resources */,
				80227B422D98321F00675AD7 /* Poppins-ExtraBoldItalic.ttf in Resources */,
				80227B3A2D98321F00675AD7 /* Poppins-ExtraBold.ttf in Resources */,
				80227B492D98321F00675AD7 /* Poppins-Light.ttf in Resources */,
				80227B462D98321F00675AD7 /* Poppins-BoldItalic.ttf in Resources */,
				80227B4B2D98321F00675AD7 /* Poppins-Medium.ttf in Resources */,
				80227B412D98321F00675AD7 /* Poppins-Italic.ttf in Resources */,
				80227B442D98321F00675AD7 /* Poppins-Thin.ttf in Resources */,
				80227B4A2D98321F00675AD7 /* Poppins-ExtraLightItalic.ttf in Resources */,
				80D6363D2D6CCBA6008FF902 /* Preview Assets.xcassets in Resources */,
				80227B3F2D98321F00675AD7 /* Poppins-ThinItalic.ttf in Resources */,
				80227B402D98321F00675AD7 /* Poppins-Black.ttf in Resources */,
				80D6363A2D6CCBA6008FF902 /* Assets.xcassets in Resources */,
				805E5C8F2D6E905F006A0614 /* GoogleService-Info.plist in Resources */,
			);
			runOnlyForDeploymentPostprocessing = 0;
		};
/* End PBXResourcesBuildPhase section */

/* Begin PBXSourcesBuildPhase section */
		80D6362E2D6CCBA3008FF902 /* Sources */ = {
			isa = PBXSourcesBuildPhase;
			buildActionMask = 2147483647;
			files = (
				8056661C2D9C4EA500DD9DDF /* MarkdownTextView.swift in Sources */,
				805666262D9C875900DD9DDF /* ActiveSheet.swift in Sources */,
				80B2CE612D70D27900440A1F /* EntryDetailView.swift in Sources */,
				807BB9BB2D8C459800F6A86C /* FloatingToolbarMenuView.swift in Sources */,
				8056661A2D9C4AFE00DD9DDF /* TextFormattingToolbarView.swift in Sources */,
				804F6D8E2D8075EF00E2378D /* SideBarView.swift in Sources */,
				804F6D992D81D7C300E2378D /* IconLibrary.swift in Sources */,
				80227B532D983FC600675AD7 /* SectionLabel.swift in Sources */,
				80C8D8842D9AE04400127A75 /* AppState.swift in Sources */,
				80AF73CA2D91D16A0095B252 /* BiometricAuthService.swift in Sources */,
				80B7AB102D9B27DD0067BC92 /* VideoThumbnailView.swift in Sources */,
				80227B572D984D6F00675AD7 /* CircularIconButtonView.swift in Sources */,
				80B2CE5F2D70D26A00440A1F /* EntryListView.swift in Sources */,
				80AF73D62D91DC120095B252 /* SignUpEmailPassView.swift in Sources */,
				80227B1E2D95888800675AD7 /* PasscodeBGBlurView.swift in Sources */,
				80227B252D978FD100675AD7 /* RoundedBorderButtonView.swift in Sources */,
				80AF73D22D91D9930095B252 /* AppUser.swift in Sources */,
				80B2CE652D70DA0200440A1F /* ProfileView.swift in Sources */,
				804F6D8C2D80730F00E2378D /* JournalModel.swift in Sources */,
				80D636382D6CCBA3008FF902 /* ContentView.swift in Sources */,
				80AF73D42D91DB560095B252 /* SignUpInfoView.swift in Sources */,
				80B7AB142D9B46A40067BC92 /* EntryContentView.swift in Sources */,
				80227B552D9842E700675AD7 /* AddJournalView.swift in Sources */,
				80227B212D9594B800675AD7 /* CryptoHelper.swift in Sources */,
				805666182D9C499A00DD9DDF /* TextFormatHelper.swift in Sources */,
				80BDB02F2D8DB10A0021262A /* LoginView.swift in Sources */,
				80AF73C82D91AD1B0095B252 /* SideBarCounts.swift in Sources */,
				805666202D9C7D7A00DD9DDF /* MediaPreviewView.swift in Sources */,
				805666282D9C884100DD9DDF /* ImagePickerCoordinator.swift in Sources */,
				805E5C8B2D6E7D40006A0614 /* MediaFile.swift in Sources */,
				80B7AB0A2D9B23A40067BC92 /* Mood.swift in Sources */,
				804F6D902D80764100E2378D /* TopNavBarView.swift in Sources */,
				8056661E2D9C7B9300DD9DDF /* EntryMediaView.swift in Sources */,
				804F6D922D80768B00E2378D /* HomeView.swift in Sources */,
				80BDB0352D8DBC3E0021262A /* SettingsView.swift in Sources */,
				80227B5D2D9872F500675AD7 /* CustomSecureFieldView.swift in Sources */,
				80227B512D983F8700675AD7 /* AddItemButton.swift in Sources */,
				80B7AB162D9B6F350067BC92 /* MoodsView.swift in Sources */,
				805666162D9B7CA200DD9DDF /* TagsFlowLayout.swift in Sources */,
				80227B182D94A79F00675AD7 /* DigitButton.swift in Sources */,
				80B7AB182D9B71960067BC92 /* SelectMoodsView.swift in Sources */,
				80AF73C42D8F14F50095B252 /* TagModel.swift in Sources */,
				80AF73D02D91D6560095B252 /* AppBlurOverlay.swift in Sources */,
				80CBA7602D9DC7CB009FE54D /* AddTagView.swift in Sources */,
				805E5C892D6E79EF006A0614 /* EntryModel.swift in Sources */,
				80B2CE6C2D70DC8600440A1F /* ValidationHelper.swift in Sources */,
				80227B1A2D94A86000675AD7 /* KeypadView.swift in Sources */,
				80AF73DC2D91E0D90095B252 /* SignUpSuccessView.swift in Sources */,
				80AF73DA2D91DEEA0095B252 /* SignUpCreatePasscodeView.swift in Sources */,
				80227B4D2D9835E400675AD7 /* PasscodeUnlockAlphanumeric.swift in Sources */,
				80227B592D9856F100675AD7 /* CustomTextFieldView.swift in Sources */,
				804F6D872D7D01A700E2378D /* CalendarView.swift in Sources */,
				80B2CE682D70DC5D00440A1F /* DateFormatterHelper.swift in Sources */,
				80227B142D94894800675AD7 /* LottieView.swift in Sources */,
				80227B4F2D983DD000675AD7 /* BlurView.swift in Sources */,
				80227B5F2D987E4200675AD7 /* UIHelpers.swift in Sources */,
				80AF73DE2D91E4370095B252 /* GlowingPasscodeFieldView.swift in Sources */,
				805E5C8D2D6E7EFF006A0614 /* FirebaseService.swift in Sources */,
				80B7AB122D9B28430067BC92 /* MediaGridScrollView.swift in Sources */,
				805666142D9B78AC00DD9DDF /* AddEntryView.swift in Sources */,
				80D636362D6CCBA3008FF902 /* JournalAppApp.swift in Sources */,
				804F6D942D80B03300E2378D /* EntryListBlockView.swift in Sources */,
				80AF73C62D8F44390095B252 /* SideBarItem.swift in Sources */,
				80AF73CE2D91D6370095B252 /* PasscodeUnlock.swift in Sources */,
			);
			runOnlyForDeploymentPostprocessing = 0;
		};
/* End PBXSourcesBuildPhase section */

/* Begin XCBuildConfiguration section */
		80D6363E2D6CCBA6008FF902 /* Debug */ = {
			isa = XCBuildConfiguration;
			buildSettings = {
				ALWAYS_SEARCH_USER_PATHS = NO;
				CLANG_ANALYZER_NONNULL = YES;
				CLANG_ANALYZER_NUMBER_OBJECT_CONVERSION = YES_AGGRESSIVE;
				CLANG_CXX_LANGUAGE_STANDARD = "gnu++20";
				CLANG_ENABLE_MODULES = YES;
				CLANG_ENABLE_OBJC_ARC = YES;
				CLANG_ENABLE_OBJC_WEAK = YES;
				CLANG_WARN_BLOCK_CAPTURE_AUTORELEASING = YES;
				CLANG_WARN_BOOL_CONVERSION = YES;
				CLANG_WARN_COMMA = YES;
				CLANG_WARN_CONSTANT_CONVERSION = YES;
				CLANG_WARN_DEPRECATED_OBJC_IMPLEMENTATIONS = YES;
				CLANG_WARN_DIRECT_OBJC_ISA_USAGE = YES_ERROR;
				CLANG_WARN_DOCUMENTATION_COMMENTS = YES;
				CLANG_WARN_EMPTY_BODY = YES;
				CLANG_WARN_ENUM_CONVERSION = YES;
				CLANG_WARN_INFINITE_RECURSION = YES;
				CLANG_WARN_INT_CONVERSION = YES;
				CLANG_WARN_NON_LITERAL_NULL_CONVERSION = YES;
				CLANG_WARN_OBJC_IMPLICIT_RETAIN_SELF = NO;
				CLANG_WARN_OBJC_LITERAL_CONVERSION = YES;
				CLANG_WARN_OBJC_ROOT_CLASS = YES_ERROR;
				CLANG_WARN_QUOTED_INCLUDE_IN_FRAMEWORK_HEADER = YES;
				CLANG_WARN_RANGE_LOOP_ANALYSIS = YES;
				CLANG_WARN_STRICT_PROTOTYPES = YES;
				CLANG_WARN_SUSPICIOUS_MOVE = YES;
				CLANG_WARN_UNGUARDED_AVAILABILITY = YES_AGGRESSIVE;
				CLANG_WARN_UNREACHABLE_CODE = YES;
				CLANG_WARN__DUPLICATE_METHOD_MATCH = YES;
				COPY_PHASE_STRIP = NO;
				DEBUG_INFORMATION_FORMAT = dwarf;
				ENABLE_STRICT_OBJC_MSGSEND = YES;
				ENABLE_TESTABILITY = YES;
				GCC_C_LANGUAGE_STANDARD = gnu11;
				GCC_DYNAMIC_NO_PIC = NO;
				GCC_NO_COMMON_BLOCKS = YES;
				GCC_OPTIMIZATION_LEVEL = 0;
				GCC_PREPROCESSOR_DEFINITIONS = (
					"DEBUG=1",
					"$(inherited)",
				);
				GCC_WARN_64_TO_32_BIT_CONVERSION = YES;
				GCC_WARN_ABOUT_RETURN_TYPE = YES_ERROR;
				GCC_WARN_UNDECLARED_SELECTOR = YES;
				GCC_WARN_UNINITIALIZED_AUTOS = YES_AGGRESSIVE;
				GCC_WARN_UNUSED_FUNCTION = YES;
				GCC_WARN_UNUSED_VARIABLE = YES;
				IPHONEOS_DEPLOYMENT_TARGET = 16.2;
				MTL_ENABLE_DEBUG_INFO = INCLUDE_SOURCE;
				MTL_FAST_MATH = YES;
				ONLY_ACTIVE_ARCH = YES;
				SDKROOT = iphoneos;
				SWIFT_ACTIVE_COMPILATION_CONDITIONS = DEBUG;
				SWIFT_OPTIMIZATION_LEVEL = "-Onone";
			};
			name = Debug;
		};
		80D6363F2D6CCBA6008FF902 /* Release */ = {
			isa = XCBuildConfiguration;
			buildSettings = {
				ALWAYS_SEARCH_USER_PATHS = NO;
				CLANG_ANALYZER_NONNULL = YES;
				CLANG_ANALYZER_NUMBER_OBJECT_CONVERSION = YES_AGGRESSIVE;
				CLANG_CXX_LANGUAGE_STANDARD = "gnu++20";
				CLANG_ENABLE_MODULES = YES;
				CLANG_ENABLE_OBJC_ARC = YES;
				CLANG_ENABLE_OBJC_WEAK = YES;
				CLANG_WARN_BLOCK_CAPTURE_AUTORELEASING = YES;
				CLANG_WARN_BOOL_CONVERSION = YES;
				CLANG_WARN_COMMA = YES;
				CLANG_WARN_CONSTANT_CONVERSION = YES;
				CLANG_WARN_DEPRECATED_OBJC_IMPLEMENTATIONS = YES;
				CLANG_WARN_DIRECT_OBJC_ISA_USAGE = YES_ERROR;
				CLANG_WARN_DOCUMENTATION_COMMENTS = YES;
				CLANG_WARN_EMPTY_BODY = YES;
				CLANG_WARN_ENUM_CONVERSION = YES;
				CLANG_WARN_INFINITE_RECURSION = YES;
				CLANG_WARN_INT_CONVERSION = YES;
				CLANG_WARN_NON_LITERAL_NULL_CONVERSION = YES;
				CLANG_WARN_OBJC_IMPLICIT_RETAIN_SELF = NO;
				CLANG_WARN_OBJC_LITERAL_CONVERSION = YES;
				CLANG_WARN_OBJC_ROOT_CLASS = YES_ERROR;
				CLANG_WARN_QUOTED_INCLUDE_IN_FRAMEWORK_HEADER = YES;
				CLANG_WARN_RANGE_LOOP_ANALYSIS = YES;
				CLANG_WARN_STRICT_PROTOTYPES = YES;
				CLANG_WARN_SUSPICIOUS_MOVE = YES;
				CLANG_WARN_UNGUARDED_AVAILABILITY = YES_AGGRESSIVE;
				CLANG_WARN_UNREACHABLE_CODE = YES;
				CLANG_WARN__DUPLICATE_METHOD_MATCH = YES;
				COPY_PHASE_STRIP = NO;
				DEBUG_INFORMATION_FORMAT = "dwarf-with-dsym";
				ENABLE_NS_ASSERTIONS = NO;
				ENABLE_STRICT_OBJC_MSGSEND = YES;
				GCC_C_LANGUAGE_STANDARD = gnu11;
				GCC_NO_COMMON_BLOCKS = YES;
				GCC_WARN_64_TO_32_BIT_CONVERSION = YES;
				GCC_WARN_ABOUT_RETURN_TYPE = YES_ERROR;
				GCC_WARN_UNDECLARED_SELECTOR = YES;
				GCC_WARN_UNINITIALIZED_AUTOS = YES_AGGRESSIVE;
				GCC_WARN_UNUSED_FUNCTION = YES;
				GCC_WARN_UNUSED_VARIABLE = YES;
				IPHONEOS_DEPLOYMENT_TARGET = 16.2;
				MTL_ENABLE_DEBUG_INFO = NO;
				MTL_FAST_MATH = YES;
				SDKROOT = iphoneos;
				SWIFT_COMPILATION_MODE = wholemodule;
				SWIFT_OPTIMIZATION_LEVEL = "-O";
				VALIDATE_PRODUCT = YES;
			};
			name = Release;
		};
		80D636412D6CCBA6008FF902 /* Debug */ = {
			isa = XCBuildConfiguration;
			buildSettings = {
				ASSETCATALOG_COMPILER_APPICON_NAME = AppIcon;
				ASSETCATALOG_COMPILER_GLOBAL_ACCENT_COLOR_NAME = AccentColor;
				CODE_SIGN_STYLE = Automatic;
				CURRENT_PROJECT_VERSION = 1;
				DEVELOPMENT_ASSET_PATHS = "\"JournalApp/Preview Content\"";
				ENABLE_PREVIEWS = YES;
				GENERATE_INFOPLIST_FILE = YES;
				INFOPLIST_KEY_UIApplicationSceneManifest_Generation = YES;
				INFOPLIST_KEY_UIApplicationSupportsIndirectInputEvents = YES;
				INFOPLIST_KEY_UILaunchScreen_Generation = YES;
				INFOPLIST_KEY_UISupportedInterfaceOrientations_iPad = "UIInterfaceOrientationPortrait UIInterfaceOrientationPortraitUpsideDown UIInterfaceOrientationLandscapeLeft UIInterfaceOrientationLandscapeRight";
				INFOPLIST_KEY_UISupportedInterfaceOrientations_iPhone = "UIInterfaceOrientationPortrait UIInterfaceOrientationLandscapeLeft UIInterfaceOrientationLandscapeRight";
				LD_RUNPATH_SEARCH_PATHS = (
					"$(inherited)",
					"@executable_path/Frameworks",
				);
				MARKETING_VERSION = 1.0;
				PRODUCT_BUNDLE_IDENTIFIER = sarahs.JournalApp;
				PRODUCT_NAME = "$(TARGET_NAME)";
				SWIFT_EMIT_LOC_STRINGS = YES;
				SWIFT_VERSION = 5.0;
				TARGETED_DEVICE_FAMILY = "1,2";
			};
			name = Debug;
		};
		80D636422D6CCBA6008FF902 /* Release */ = {
			isa = XCBuildConfiguration;
			buildSettings = {
				ASSETCATALOG_COMPILER_APPICON_NAME = AppIcon;
				ASSETCATALOG_COMPILER_GLOBAL_ACCENT_COLOR_NAME = AccentColor;
				CODE_SIGN_STYLE = Automatic;
				CURRENT_PROJECT_VERSION = 1;
				DEVELOPMENT_ASSET_PATHS = "\"JournalApp/Preview Content\"";
				ENABLE_PREVIEWS = YES;
				GENERATE_INFOPLIST_FILE = YES;
				INFOPLIST_KEY_UIApplicationSceneManifest_Generation = YES;
				INFOPLIST_KEY_UIApplicationSupportsIndirectInputEvents = YES;
				INFOPLIST_KEY_UILaunchScreen_Generation = YES;
				INFOPLIST_KEY_UISupportedInterfaceOrientations_iPad = "UIInterfaceOrientationPortrait UIInterfaceOrientationPortraitUpsideDown UIInterfaceOrientationLandscapeLeft UIInterfaceOrientationLandscapeRight";
				INFOPLIST_KEY_UISupportedInterfaceOrientations_iPhone = "UIInterfaceOrientationPortrait UIInterfaceOrientationLandscapeLeft UIInterfaceOrientationLandscapeRight";
				LD_RUNPATH_SEARCH_PATHS = (
					"$(inherited)",
					"@executable_path/Frameworks",
				);
				MARKETING_VERSION = 1.0;
				PRODUCT_BUNDLE_IDENTIFIER = sarahs.JournalApp;
				PRODUCT_NAME = "$(TARGET_NAME)";
				SWIFT_EMIT_LOC_STRINGS = YES;
				SWIFT_VERSION = 5.0;
				TARGETED_DEVICE_FAMILY = "1,2";
			};
			name = Release;
		};
/* End XCBuildConfiguration section */

/* Begin XCConfigurationList section */
		80D6362D2D6CCBA3008FF902 /* Build configuration list for PBXProject "JournalApp" */ = {
			isa = XCConfigurationList;
			buildConfigurations = (
				80D6363E2D6CCBA6008FF902 /* Debug */,
				80D6363F2D6CCBA6008FF902 /* Release */,
			);
			defaultConfigurationIsVisible = 0;
			defaultConfigurationName = Release;
		};
		80D636402D6CCBA6008FF902 /* Build configuration list for PBXNativeTarget "JournalApp" */ = {
			isa = XCConfigurationList;
			buildConfigurations = (
				80D636412D6CCBA6008FF902 /* Debug */,
				80D636422D6CCBA6008FF902 /* Release */,
			);
			defaultConfigurationIsVisible = 0;
			defaultConfigurationName = Release;
		};
/* End XCConfigurationList section */

/* Begin XCRemoteSwiftPackageReference section */
		80227B0D2D94866A00675AD7 /* XCRemoteSwiftPackageReference "lottie-ios" */ = {
			isa = XCRemoteSwiftPackageReference;
			repositoryURL = "https://github.com/airbnb/lottie-ios";
			requirement = {
				kind = upToNextMajorVersion;
				minimumVersion = 4.0.0;
			};
		};
		804F6D882D7D01F100E2378D /* XCRemoteSwiftPackageReference "FSCalendar" */ = {
			isa = XCRemoteSwiftPackageReference;
			repositoryURL = "https://github.com/WenchaoD/FSCalendar.git";
			requirement = {
				kind = upToNextMajorVersion;
				minimumVersion = 2.0.0;
			};
		};
		80B2CE1B2D6F632200440A1F /* XCRemoteSwiftPackageReference "firebase-ios-sdk" */ = {
			isa = XCRemoteSwiftPackageReference;
			repositoryURL = "https://github.com/firebase/firebase-ios-sdk.git";
			requirement = {
				kind = exactVersion;
				version = 10.24.0;
			};
		};
/* End XCRemoteSwiftPackageReference section */

/* Begin XCSwiftPackageProductDependency section */
		80227B0E2D94866A00675AD7 /* Lottie */ = {
			isa = XCSwiftPackageProductDependency;
			package = 80227B0D2D94866A00675AD7 /* XCRemoteSwiftPackageReference "lottie-ios" */;
			productName = Lottie;
		};
		804F6D892D7D01F100E2378D /* FSCalendar */ = {
			isa = XCSwiftPackageProductDependency;
			package = 804F6D882D7D01F100E2378D /* XCRemoteSwiftPackageReference "FSCalendar" */;
			productName = FSCalendar;
		};
		80B2CE1C2D6F632200440A1F /* FirebaseAnalytics */ = {
			isa = XCSwiftPackageProductDependency;
			package = 80B2CE1B2D6F632200440A1F /* XCRemoteSwiftPackageReference "firebase-ios-sdk" */;
			productName = FirebaseAnalytics;
		};
		80B2CE1E2D6F632200440A1F /* FirebaseAuth */ = {
			isa = XCSwiftPackageProductDependency;
			package = 80B2CE1B2D6F632200440A1F /* XCRemoteSwiftPackageReference "firebase-ios-sdk" */;
			productName = FirebaseAuth;
		};
		80B2CE202D6F632200440A1F /* FirebaseFirestore */ = {
			isa = XCSwiftPackageProductDependency;
			package = 80B2CE1B2D6F632200440A1F /* XCRemoteSwiftPackageReference "firebase-ios-sdk" */;
			productName = FirebaseFirestore;
		};
		80B2CE222D6F632200440A1F /* FirebaseStorage */ = {
			isa = XCSwiftPackageProductDependency;
			package = 80B2CE1B2D6F632200440A1F /* XCRemoteSwiftPackageReference "firebase-ios-sdk" */;
			productName = FirebaseStorage;
		};
/* End XCSwiftPackageProductDependency section */
	};
	rootObject = 80D6362A2D6CCBA3008FF902 /* Project object */;
}
